// !$*UTF8*$!
{
	archiveVersion = 1;
	classes = {
	};
	objectVersion = 48;
	objects = {

/* Begin PBXBuildFile section */
		19338E042046D34F007BD6E3 /* GoogleService-Info.plist in Resources */ = {isa = PBXBuildFile; fileRef = 19338E032046D34E007BD6E3 /* GoogleService-Info.plist */; };
		197BF74220496C7700B8D06B /* RCLTrash.swift in Sources */ = {isa = PBXBuildFile; fileRef = 197BF74120496C7700B8D06B /* RCLTrash.swift */; };
		197BF74420496D0900B8D06B /* RCLTrashCan.swift in Sources */ = {isa = PBXBuildFile; fileRef = 197BF74320496D0900B8D06B /* RCLTrashCan.swift */; };
		197BF747204972D600B8D06B /* RCLCollectionReference.swift in Sources */ = {isa = PBXBuildFile; fileRef = 197BF746204972D600B8D06B /* RCLCollectionReference.swift */; };
		19AF48C1204D463A00958858 /* RCLFirestoreExtensions.swift in Sources */ = {isa = PBXBuildFile; fileRef = 19AF48C0204D463A00958858 /* RCLFirestoreExtensions.swift */; };
		19F5AF05204938CE00ADF338 /* RCLUser.swift in Sources */ = {isa = PBXBuildFile; fileRef = 19F5AF04204938CE00ADF338 /* RCLUser.swift */; };
		19F5AF0720493ADA00ADF338 /* RCLFirestoreService.swift in Sources */ = {isa = PBXBuildFile; fileRef = 19F5AF0620493ADA00ADF338 /* RCLFirestoreService.swift */; };
		6F120604204574E20042056E /* AppDelegate.swift in Sources */ = {isa = PBXBuildFile; fileRef = 6F120603204574E20042056E /* AppDelegate.swift */; };
		6F120606204574E20042056E /* ViewController.swift in Sources */ = {isa = PBXBuildFile; fileRef = 6F120605204574E20042056E /* ViewController.swift */; };
		6F120609204574E20042056E /* Main.storyboard in Resources */ = {isa = PBXBuildFile; fileRef = 6F120607204574E20042056E /* Main.storyboard */; };
		6F12060B204574E20042056E /* Assets.xcassets in Resources */ = {isa = PBXBuildFile; fileRef = 6F12060A204574E20042056E /* Assets.xcassets */; };
		6F12060E204574E20042056E /* LaunchScreen.storyboard in Resources */ = {isa = PBXBuildFile; fileRef = 6F12060C204574E20042056E /* LaunchScreen.storyboard */; };
		9A276421DDADC37ACF93013F /* Pods_Recycler.framework in Frameworks */ = {isa = PBXBuildFile; fileRef = CF904F54F4846D18D7883A8F /* Pods_Recycler.framework */; };
		A300B31B2049FCDC00261AEB /* RCLDashboardVC.swift in Sources */ = {isa = PBXBuildFile; fileRef = A300B31A2049FCDC00261AEB /* RCLDashboardVC.swift */; };
		A300B31E2049FD3E00261AEB /* RCLMapVC.swift in Sources */ = {isa = PBXBuildFile; fileRef = A300B31D2049FD3E00261AEB /* RCLMapVC.swift */; };
		A300B3202049FD5300261AEB /* RCLScanVC.swift in Sources */ = {isa = PBXBuildFile; fileRef = A300B31F2049FD5300261AEB /* RCLScanVC.swift */; };
		A300B3222049FD7400261AEB /* RCLCatalogVC.swift in Sources */ = {isa = PBXBuildFile; fileRef = A300B3212049FD7400261AEB /* RCLCatalogVC.swift */; };
		A300B3242049FDA500261AEB /* RCLProfileVC.swift in Sources */ = {isa = PBXBuildFile; fileRef = A300B3232049FDA500261AEB /* RCLProfileVC.swift */; };
		A39BEAAA204971B8005A3A87 /* TabBar.storyboard in Resources */ = {isa = PBXBuildFile; fileRef = A39BEAA9204971B8005A3A87 /* TabBar.storyboard */; };
		A39BEAAD204977E4005A3A87 /* Dashboard.storyboard in Resources */ = {isa = PBXBuildFile; fileRef = A39BEAAC204977E4005A3A87 /* Dashboard.storyboard */; };
		A39BEAAF20497812005A3A87 /* Map.storyboard in Resources */ = {isa = PBXBuildFile; fileRef = A39BEAAE20497812005A3A87 /* Map.storyboard */; };
		A39BEAB12049785A005A3A87 /* Scan.storyboard in Resources */ = {isa = PBXBuildFile; fileRef = A39BEAB02049785A005A3A87 /* Scan.storyboard */; };
		A39BEAB32049787F005A3A87 /* Catalog.storyboard in Resources */ = {isa = PBXBuildFile; fileRef = A39BEAB22049787F005A3A87 /* Catalog.storyboard */; };
		A39BEAB520497892005A3A87 /* Profile.storyboard in Resources */ = {isa = PBXBuildFile; fileRef = A39BEAB420497892005A3A87 /* Profile.storyboard */; };
/* End PBXBuildFile section */

/* Begin PBXFileReference section */
		19338E032046D34E007BD6E3 /* GoogleService-Info.plist */ = {isa = PBXFileReference; fileEncoding = 4; lastKnownFileType = text.plist.xml; path = "GoogleService-Info.plist"; sourceTree = "<group>"; };
		197BF74120496C7700B8D06B /* RCLTrash.swift */ = {isa = PBXFileReference; lastKnownFileType = sourcecode.swift; path = RCLTrash.swift; sourceTree = "<group>"; };
		197BF74320496D0900B8D06B /* RCLTrashCan.swift */ = {isa = PBXFileReference; lastKnownFileType = sourcecode.swift; path = RCLTrashCan.swift; sourceTree = "<group>"; };
		197BF746204972D600B8D06B /* RCLCollectionReference.swift */ = {isa = PBXFileReference; lastKnownFileType = sourcecode.swift; path = RCLCollectionReference.swift; sourceTree = "<group>"; };
		19AF48C0204D463A00958858 /* RCLFirestoreExtensions.swift */ = {isa = PBXFileReference; lastKnownFileType = sourcecode.swift; path = RCLFirestoreExtensions.swift; sourceTree = "<group>"; };
		19F5AF04204938CE00ADF338 /* RCLUser.swift */ = {isa = PBXFileReference; lastKnownFileType = sourcecode.swift; path = RCLUser.swift; sourceTree = "<group>"; };
		19F5AF0620493ADA00ADF338 /* RCLFirestoreService.swift */ = {isa = PBXFileReference; lastKnownFileType = sourcecode.swift; path = RCLFirestoreService.swift; sourceTree = "<group>"; };
		34A7A3AA16A34D7B20BE7365 /* Pods-Recycler.release.xcconfig */ = {isa = PBXFileReference; includeInIndex = 1; lastKnownFileType = text.xcconfig; name = "Pods-Recycler.release.xcconfig"; path = "Pods/Target Support Files/Pods-Recycler/Pods-Recycler.release.xcconfig"; sourceTree = "<group>"; };
		4A90D50215391FF5A8AD7E8F /* Pods-Recycler.debug.xcconfig */ = {isa = PBXFileReference; includeInIndex = 1; lastKnownFileType = text.xcconfig; name = "Pods-Recycler.debug.xcconfig"; path = "Pods/Target Support Files/Pods-Recycler/Pods-Recycler.debug.xcconfig"; sourceTree = "<group>"; };
		4BAB4D4D204D47F60005C16B /* RCLCatalogTableViewCell.swift */ = {isa = PBXFileReference; lastKnownFileType = sourcecode.swift; path = RCLCatalogTableViewCell.swift; sourceTree = "<group>"; };
		6F120600204574E20042056E /* Recycler.app */ = {isa = PBXFileReference; explicitFileType = wrapper.application; includeInIndex = 0; path = Recycler.app; sourceTree = BUILT_PRODUCTS_DIR; };
		6F120603204574E20042056E /* AppDelegate.swift */ = {isa = PBXFileReference; lastKnownFileType = sourcecode.swift; path = AppDelegate.swift; sourceTree = "<group>"; };
		6F120605204574E20042056E /* ViewController.swift */ = {isa = PBXFileReference; lastKnownFileType = sourcecode.swift; path = ViewController.swift; sourceTree = "<group>"; };
		6F120608204574E20042056E /* Base */ = {isa = PBXFileReference; lastKnownFileType = file.storyboard; name = Base; path = Base.lproj/Main.storyboard; sourceTree = "<group>"; };
		6F12060A204574E20042056E /* Assets.xcassets */ = {isa = PBXFileReference; lastKnownFileType = folder.assetcatalog; path = Assets.xcassets; sourceTree = "<group>"; };
		6F12060D204574E20042056E /* Base */ = {isa = PBXFileReference; lastKnownFileType = file.storyboard; name = Base; path = Base.lproj/LaunchScreen.storyboard; sourceTree = "<group>"; };
		6F12060F204574E20042056E /* Info.plist */ = {isa = PBXFileReference; lastKnownFileType = text.plist.xml; path = Info.plist; sourceTree = "<group>"; };
		A300B31A2049FCDC00261AEB /* RCLDashboardVC.swift */ = {isa = PBXFileReference; lastKnownFileType = sourcecode.swift; path = RCLDashboardVC.swift; sourceTree = "<group>"; };
		A300B31D2049FD3E00261AEB /* RCLMapVC.swift */ = {isa = PBXFileReference; lastKnownFileType = sourcecode.swift; path = RCLMapVC.swift; sourceTree = "<group>"; };
		A300B31F2049FD5300261AEB /* RCLScanVC.swift */ = {isa = PBXFileReference; lastKnownFileType = sourcecode.swift; path = RCLScanVC.swift; sourceTree = "<group>"; };
		A300B3212049FD7400261AEB /* RCLCatalogVC.swift */ = {isa = PBXFileReference; lastKnownFileType = sourcecode.swift; path = RCLCatalogVC.swift; sourceTree = "<group>"; };
		A300B3232049FDA500261AEB /* RCLProfileVC.swift */ = {isa = PBXFileReference; lastKnownFileType = sourcecode.swift; path = RCLProfileVC.swift; sourceTree = "<group>"; };
		A39BEAA9204971B8005A3A87 /* TabBar.storyboard */ = {isa = PBXFileReference; lastKnownFileType = file.storyboard; path = TabBar.storyboard; sourceTree = "<group>"; };
		A39BEAAC204977E4005A3A87 /* Dashboard.storyboard */ = {isa = PBXFileReference; lastKnownFileType = file.storyboard; path = Dashboard.storyboard; sourceTree = "<group>"; };
		A39BEAAE20497812005A3A87 /* Map.storyboard */ = {isa = PBXFileReference; lastKnownFileType = file.storyboard; path = Map.storyboard; sourceTree = "<group>"; };
		A39BEAB02049785A005A3A87 /* Scan.storyboard */ = {isa = PBXFileReference; lastKnownFileType = file.storyboard; path = Scan.storyboard; sourceTree = "<group>"; };
		A39BEAB22049787F005A3A87 /* Catalog.storyboard */ = {isa = PBXFileReference; lastKnownFileType = file.storyboard; path = Catalog.storyboard; sourceTree = "<group>"; };
		A39BEAB420497892005A3A87 /* Profile.storyboard */ = {isa = PBXFileReference; lastKnownFileType = file.storyboard; path = Profile.storyboard; sourceTree = "<group>"; };
		CF904F54F4846D18D7883A8F /* Pods_Recycler.framework */ = {isa = PBXFileReference; explicitFileType = wrapper.framework; includeInIndex = 0; path = Pods_Recycler.framework; sourceTree = BUILT_PRODUCTS_DIR; };
/* End PBXFileReference section */

/* Begin PBXFrameworksBuildPhase section */
		6F1205FD204574E20042056E /* Frameworks */ = {
			isa = PBXFrameworksBuildPhase;
			buildActionMask = 2147483647;
			files = (
				9A276421DDADC37ACF93013F /* Pods_Recycler.framework in Frameworks */,
			);
			runOnlyForDeploymentPostprocessing = 0;
		};
/* End PBXFrameworksBuildPhase section */

/* Begin PBXGroup section */
		19F5AF032049386100ADF338 /* Model */ = {
			isa = PBXGroup;
			children = (
				19F5AF0620493ADA00ADF338 /* RCLFirestoreService.swift */,
				197BF746204972D600B8D06B /* RCLCollectionReference.swift */,
				19F5AF04204938CE00ADF338 /* RCLUser.swift */,
				197BF74120496C7700B8D06B /* RCLTrash.swift */,
				197BF74320496D0900B8D06B /* RCLTrashCan.swift */,
				19AF48C0204D463A00958858 /* RCLFirestoreExtensions.swift */,
			);
			path = Model;
			sourceTree = "<group>";
		};
		4BAB4D4C204D47AE0005C16B /* Cells */ = {
			isa = PBXGroup;
			children = (
				4BAB4D4D204D47F60005C16B /* RCLCatalogTableViewCell.swift */,
			);
			path = Cells;
			sourceTree = "<group>";
		};
		6DF5F9F5FEFA79CE5C501A21 /* Pods */ = {
			isa = PBXGroup;
			children = (
				4A90D50215391FF5A8AD7E8F /* Pods-Recycler.debug.xcconfig */,
				34A7A3AA16A34D7B20BE7365 /* Pods-Recycler.release.xcconfig */,
			);
			name = Pods;
			sourceTree = "<group>";
		};
		6F1205F7204574E20042056E = {
			isa = PBXGroup;
			children = (
				4BAB4D4C204D47AE0005C16B /* Cells */,
				6F120602204574E20042056E /* Recycler */,
				6F120601204574E20042056E /* Products */,
				6DF5F9F5FEFA79CE5C501A21 /* Pods */,
				C99E8D43E96CDC74362F3157 /* Frameworks */,
			);
			sourceTree = "<group>";
		};
		6F120601204574E20042056E /* Products */ = {
			isa = PBXGroup;
			children = (
				6F120600204574E20042056E /* Recycler.app */,
			);
			name = Products;
			sourceTree = "<group>";
		};
		6F120602204574E20042056E /* Recycler */ = {
			isa = PBXGroup;
			children = (
				19338E032046D34E007BD6E3 /* GoogleService-Info.plist */,
				6F120603204574E20042056E /* AppDelegate.swift */,
				6F120605204574E20042056E /* ViewController.swift */,
				A300B31C2049FCF500261AEB /* Controllers */,
				A39BEAAB20497789005A3A87 /* Storyboards */,
				6F12060A204574E20042056E /* Assets.xcassets */,
				19F5AF032049386100ADF338 /* Model */,
				6F12060F204574E20042056E /* Info.plist */,
			);
			path = Recycler;
			sourceTree = "<group>";
		};
		A300B31C2049FCF500261AEB /* Controllers */ = {
			isa = PBXGroup;
			children = (
				A300B31A2049FCDC00261AEB /* RCLDashboardVC.swift */,
				A300B31D2049FD3E00261AEB /* RCLMapVC.swift */,
				A300B31F2049FD5300261AEB /* RCLScanVC.swift */,
				A300B3212049FD7400261AEB /* RCLCatalogVC.swift */,
				A300B3232049FDA500261AEB /* RCLProfileVC.swift */,
			);
			path = Controllers;
			sourceTree = "<group>";
		};
		A39BEAAB20497789005A3A87 /* Storyboards */ = {
			isa = PBXGroup;
			children = (
				6F12060C204574E20042056E /* LaunchScreen.storyboard */,
				6F120607204574E20042056E /* Main.storyboard */,
				A39BEAA9204971B8005A3A87 /* TabBar.storyboard */,
				A39BEAAC204977E4005A3A87 /* Dashboard.storyboard */,
				A39BEAAE20497812005A3A87 /* Map.storyboard */,
				A39BEAB02049785A005A3A87 /* Scan.storyboard */,
				A39BEAB22049787F005A3A87 /* Catalog.storyboard */,
				A39BEAB420497892005A3A87 /* Profile.storyboard */,
			);
			path = Storyboards;
			sourceTree = "<group>";
		};
		C99E8D43E96CDC74362F3157 /* Frameworks */ = {
			isa = PBXGroup;
			children = (
				CF904F54F4846D18D7883A8F /* Pods_Recycler.framework */,
			);
			name = Frameworks;
			sourceTree = "<group>";
		};
/* End PBXGroup section */

/* Begin PBXNativeTarget section */
		6F1205FF204574E20042056E /* Recycler */ = {
			isa = PBXNativeTarget;
			buildConfigurationList = 6F120612204574E20042056E /* Build configuration list for PBXNativeTarget "Recycler" */;
			buildPhases = (
				820DE1F9B232604ABB463BA4 /* [CP] Check Pods Manifest.lock */,
				6F1205FC204574E20042056E /* Sources */,
				6F1205FD204574E20042056E /* Frameworks */,
				6F1205FE204574E20042056E /* Resources */,
				826A590C4362114B2BCDE903 /* [CP] Embed Pods Frameworks */,
				F170355E30080FCD8DEAA075 /* [CP] Copy Pods Resources */,
			);
			buildRules = (
			);
			dependencies = (
			);
			name = Recycler;
			productName = Recycler;
			productReference = 6F120600204574E20042056E /* Recycler.app */;
			productType = "com.apple.product-type.application";
		};
/* End PBXNativeTarget section */

/* Begin PBXProject section */
		6F1205F8204574E20042056E /* Project object */ = {
			isa = PBXProject;
			attributes = {
				CLASSPREFIX = RCL;
				LastSwiftUpdateCheck = 0920;
				LastUpgradeCheck = 0920;
				ORGANIZATIONNAME = softserve.university;
				TargetAttributes = {
					6F1205FF204574E20042056E = {
						CreatedOnToolsVersion = 9.2;
						ProvisioningStyle = Automatic;
					};
				};
			};
			buildConfigurationList = 6F1205FB204574E20042056E /* Build configuration list for PBXProject "Recycler" */;
			compatibilityVersion = "Xcode 8.0";
			developmentRegion = en;
			hasScannedForEncodings = 0;
			knownRegions = (
				en,
				Base,
			);
			mainGroup = 6F1205F7204574E20042056E;
			productRefGroup = 6F120601204574E20042056E /* Products */;
			projectDirPath = "";
			projectRoot = "";
			targets = (
				6F1205FF204574E20042056E /* Recycler */,
			);
		};
/* End PBXProject section */

/* Begin PBXResourcesBuildPhase section */
		6F1205FE204574E20042056E /* Resources */ = {
			isa = PBXResourcesBuildPhase;
			buildActionMask = 2147483647;
			files = (
				A39BEAB32049787F005A3A87 /* Catalog.storyboard in Resources */,
				A39BEAAA204971B8005A3A87 /* TabBar.storyboard in Resources */,
				A39BEAB520497892005A3A87 /* Profile.storyboard in Resources */,
				A39BEAAF20497812005A3A87 /* Map.storyboard in Resources */,
				A39BEAAD204977E4005A3A87 /* Dashboard.storyboard in Resources */,
				A39BEAB12049785A005A3A87 /* Scan.storyboard in Resources */,
				6F12060E204574E20042056E /* LaunchScreen.storyboard in Resources */,
				19338E042046D34F007BD6E3 /* GoogleService-Info.plist in Resources */,
				6F12060B204574E20042056E /* Assets.xcassets in Resources */,
				6F120609204574E20042056E /* Main.storyboard in Resources */,
			);
			runOnlyForDeploymentPostprocessing = 0;
		};
/* End PBXResourcesBuildPhase section */

/* Begin PBXShellScriptBuildPhase section */
		820DE1F9B232604ABB463BA4 /* [CP] Check Pods Manifest.lock */ = {
			isa = PBXShellScriptBuildPhase;
			buildActionMask = 2147483647;
			files = (
			);
			inputPaths = (
				"${PODS_PODFILE_DIR_PATH}/Podfile.lock",
				"${PODS_ROOT}/Manifest.lock",
			);
			name = "[CP] Check Pods Manifest.lock";
			outputPaths = (
				"$(DERIVED_FILE_DIR)/Pods-Recycler-checkManifestLockResult.txt",
			);
			runOnlyForDeploymentPostprocessing = 0;
			shellPath = /bin/sh;
			shellScript = "diff \"${PODS_PODFILE_DIR_PATH}/Podfile.lock\" \"${PODS_ROOT}/Manifest.lock\" > /dev/null\nif [ $? != 0 ] ; then\n    # print error to STDERR\n    echo \"error: The sandbox is not in sync with the Podfile.lock. Run 'pod install' or update your CocoaPods installation.\" >&2\n    exit 1\nfi\n# This output is used by Xcode 'outputs' to avoid re-running this script phase.\necho \"SUCCESS\" > \"${SCRIPT_OUTPUT_FILE_0}\"\n";
			showEnvVarsInLog = 0;
		};
		826A590C4362114B2BCDE903 /* [CP] Embed Pods Frameworks */ = {
			isa = PBXShellScriptBuildPhase;
			buildActionMask = 2147483647;
			files = (
			);
			inputPaths = (
				"${SRCROOT}/Pods/Target Support Files/Pods-Recycler/Pods-Recycler-frameworks.sh",
				"${BUILT_PRODUCTS_DIR}/BoringSSL/openssl.framework",
				"${BUILT_PRODUCTS_DIR}/GTMSessionFetcher/GTMSessionFetcher.framework",
				"${BUILT_PRODUCTS_DIR}/GoogleToolboxForMac/GoogleToolboxForMac.framework",
				"${BUILT_PRODUCTS_DIR}/Protobuf/Protobuf.framework",
				"${BUILT_PRODUCTS_DIR}/gRPC/GRPCClient.framework",
				"${BUILT_PRODUCTS_DIR}/gRPC-Core/grpc.framework",
				"${BUILT_PRODUCTS_DIR}/gRPC-ProtoRPC/ProtoRPC.framework",
				"${BUILT_PRODUCTS_DIR}/gRPC-RxLibrary/RxLibrary.framework",
				"${BUILT_PRODUCTS_DIR}/leveldb-library/leveldb.framework",
				"${BUILT_PRODUCTS_DIR}/nanopb/nanopb.framework",
			);
			name = "[CP] Embed Pods Frameworks";
			outputPaths = (
				"${TARGET_BUILD_DIR}/${FRAMEWORKS_FOLDER_PATH}/openssl.framework",
				"${TARGET_BUILD_DIR}/${FRAMEWORKS_FOLDER_PATH}/GTMSessionFetcher.framework",
				"${TARGET_BUILD_DIR}/${FRAMEWORKS_FOLDER_PATH}/GoogleToolboxForMac.framework",
				"${TARGET_BUILD_DIR}/${FRAMEWORKS_FOLDER_PATH}/Protobuf.framework",
				"${TARGET_BUILD_DIR}/${FRAMEWORKS_FOLDER_PATH}/GRPCClient.framework",
				"${TARGET_BUILD_DIR}/${FRAMEWORKS_FOLDER_PATH}/grpc.framework",
				"${TARGET_BUILD_DIR}/${FRAMEWORKS_FOLDER_PATH}/ProtoRPC.framework",
				"${TARGET_BUILD_DIR}/${FRAMEWORKS_FOLDER_PATH}/RxLibrary.framework",
				"${TARGET_BUILD_DIR}/${FRAMEWORKS_FOLDER_PATH}/leveldb.framework",
				"${TARGET_BUILD_DIR}/${FRAMEWORKS_FOLDER_PATH}/nanopb.framework",
			);
			runOnlyForDeploymentPostprocessing = 0;
			shellPath = /bin/sh;
			shellScript = "\"${SRCROOT}/Pods/Target Support Files/Pods-Recycler/Pods-Recycler-frameworks.sh\"\n";
			showEnvVarsInLog = 0;
		};
		F170355E30080FCD8DEAA075 /* [CP] Copy Pods Resources */ = {
			isa = PBXShellScriptBuildPhase;
			buildActionMask = 2147483647;
			files = (
			);
			inputPaths = (
			);
			name = "[CP] Copy Pods Resources";
			outputPaths = (
			);
			runOnlyForDeploymentPostprocessing = 0;
			shellPath = /bin/sh;
			shellScript = "\"${SRCROOT}/Pods/Target Support Files/Pods-Recycler/Pods-Recycler-resources.sh\"\n";
			showEnvVarsInLog = 0;
		};
/* End PBXShellScriptBuildPhase section */

/* Begin PBXSourcesBuildPhase section */
		6F1205FC204574E20042056E /* Sources */ = {
			isa = PBXSourcesBuildPhase;
			buildActionMask = 2147483647;
			files = (
				197BF747204972D600B8D06B /* RCLCollectionReference.swift in Sources */,
				6F120606204574E20042056E /* ViewController.swift in Sources */,
				197BF74220496C7700B8D06B /* RCLTrash.swift in Sources */,
				19AF48C1204D463A00958858 /* RCLFirestoreExtensions.swift in Sources */,
				19F5AF0720493ADA00ADF338 /* RCLFirestoreService.swift in Sources */,
				6F120604204574E20042056E /* AppDelegate.swift in Sources */,
				19F5AF05204938CE00ADF338 /* RCLUser.swift in Sources */,
				197BF74420496D0900B8D06B /* RCLTrashCan.swift in Sources */,
				A300B31B2049FCDC00261AEB /* RCLDashboardVC.swift in Sources */,
			);
			runOnlyForDeploymentPostprocessing = 0;
		};
/* End PBXSourcesBuildPhase section */

/* Begin PBXVariantGroup section */
		6F120607204574E20042056E /* Main.storyboard */ = {
			isa = PBXVariantGroup;
			children = (
				6F120608204574E20042056E /* Base */,
			);
			name = Main.storyboard;
			sourceTree = "<group>";
		};
		6F12060C204574E20042056E /* LaunchScreen.storyboard */ = {
			isa = PBXVariantGroup;
			children = (
				6F12060D204574E20042056E /* Base */,
			);
			name = LaunchScreen.storyboard;
			sourceTree = "<group>";
		};
/* End PBXVariantGroup section */

/* Begin XCBuildConfiguration section */
		6F120610204574E20042056E /* Debug */ = {
			isa = XCBuildConfiguration;
			buildSettings = {
				ALWAYS_SEARCH_USER_PATHS = NO;
				CLANG_ANALYZER_NONNULL = YES;
				CLANG_ANALYZER_NUMBER_OBJECT_CONVERSION = YES_AGGRESSIVE;
				CLANG_CXX_LANGUAGE_STANDARD = "gnu++14";
				CLANG_CXX_LIBRARY = "libc++";
				CLANG_ENABLE_MODULES = YES;
				CLANG_ENABLE_OBJC_ARC = YES;
				CLANG_WARN_BLOCK_CAPTURE_AUTORELEASING = YES;
				CLANG_WARN_BOOL_CONVERSION = YES;
				CLANG_WARN_COMMA = YES;
				CLANG_WARN_CONSTANT_CONVERSION = YES;
				CLANG_WARN_DIRECT_OBJC_ISA_USAGE = YES_ERROR;
				CLANG_WARN_DOCUMENTATION_COMMENTS = YES;
				CLANG_WARN_EMPTY_BODY = YES;
				CLANG_WARN_ENUM_CONVERSION = YES;
				CLANG_WARN_INFINITE_RECURSION = YES;
				CLANG_WARN_INT_CONVERSION = YES;
				CLANG_WARN_NON_LITERAL_NULL_CONVERSION = YES;
				CLANG_WARN_OBJC_LITERAL_CONVERSION = YES;
				CLANG_WARN_OBJC_ROOT_CLASS = YES_ERROR;
				CLANG_WARN_RANGE_LOOP_ANALYSIS = YES;
				CLANG_WARN_STRICT_PROTOTYPES = YES;
				CLANG_WARN_SUSPICIOUS_MOVE = YES;
				CLANG_WARN_UNGUARDED_AVAILABILITY = YES_AGGRESSIVE;
				CLANG_WARN_UNREACHABLE_CODE = YES;
				CLANG_WARN__DUPLICATE_METHOD_MATCH = YES;
				CODE_SIGN_IDENTITY = "iPhone Developer";
				COPY_PHASE_STRIP = NO;
				DEBUG_INFORMATION_FORMAT = dwarf;
				ENABLE_STRICT_OBJC_MSGSEND = YES;
				ENABLE_TESTABILITY = YES;
				GCC_C_LANGUAGE_STANDARD = gnu11;
				GCC_DYNAMIC_NO_PIC = NO;
				GCC_NO_COMMON_BLOCKS = YES;
				GCC_OPTIMIZATION_LEVEL = 0;
				GCC_PREPROCESSOR_DEFINITIONS = (
					"DEBUG=1",
					"$(inherited)",
				);
				GCC_WARN_64_TO_32_BIT_CONVERSION = YES;
				GCC_WARN_ABOUT_RETURN_TYPE = YES_ERROR;
				GCC_WARN_UNDECLARED_SELECTOR = YES;
				GCC_WARN_UNINITIALIZED_AUTOS = YES_AGGRESSIVE;
				GCC_WARN_UNUSED_FUNCTION = YES;
				GCC_WARN_UNUSED_VARIABLE = YES;
				IPHONEOS_DEPLOYMENT_TARGET = 11.2;
				MTL_ENABLE_DEBUG_INFO = YES;
				ONLY_ACTIVE_ARCH = YES;
				SDKROOT = iphoneos;
				SWIFT_ACTIVE_COMPILATION_CONDITIONS = DEBUG;
				SWIFT_OPTIMIZATION_LEVEL = "-Onone";
			};
			name = Debug;
		};
		6F120611204574E20042056E /* Release */ = {
			isa = XCBuildConfiguration;
			buildSettings = {
				ALWAYS_SEARCH_USER_PATHS = NO;
				CLANG_ANALYZER_NONNULL = YES;
				CLANG_ANALYZER_NUMBER_OBJECT_CONVERSION = YES_AGGRESSIVE;
				CLANG_CXX_LANGUAGE_STANDARD = "gnu++14";
				CLANG_CXX_LIBRARY = "libc++";
				CLANG_ENABLE_MODULES = YES;
				CLANG_ENABLE_OBJC_ARC = YES;
				CLANG_WARN_BLOCK_CAPTURE_AUTORELEASING = YES;
				CLANG_WARN_BOOL_CONVERSION = YES;
				CLANG_WARN_COMMA = YES;
				CLANG_WARN_CONSTANT_CONVERSION = YES;
				CLANG_WARN_DIRECT_OBJC_ISA_USAGE = YES_ERROR;
				CLANG_WARN_DOCUMENTATION_COMMENTS = YES;
				CLANG_WARN_EMPTY_BODY = YES;
				CLANG_WARN_ENUM_CONVERSION = YES;
				CLANG_WARN_INFINITE_RECURSION = YES;
				CLANG_WARN_INT_CONVERSION = YES;
				CLANG_WARN_NON_LITERAL_NULL_CONVERSION = YES;
				CLANG_WARN_OBJC_LITERAL_CONVERSION = YES;
				CLANG_WARN_OBJC_ROOT_CLASS = YES_ERROR;
				CLANG_WARN_RANGE_LOOP_ANALYSIS = YES;
				CLANG_WARN_STRICT_PROTOTYPES = YES;
				CLANG_WARN_SUSPICIOUS_MOVE = YES;
				CLANG_WARN_UNGUARDED_AVAILABILITY = YES_AGGRESSIVE;
				CLANG_WARN_UNREACHABLE_CODE = YES;
				CLANG_WARN__DUPLICATE_METHOD_MATCH = YES;
				CODE_SIGN_IDENTITY = "iPhone Developer";
				COPY_PHASE_STRIP = NO;
				DEBUG_INFORMATION_FORMAT = "dwarf-with-dsym";
				ENABLE_NS_ASSERTIONS = NO;
				ENABLE_STRICT_OBJC_MSGSEND = YES;
				GCC_C_LANGUAGE_STANDARD = gnu11;
				GCC_NO_COMMON_BLOCKS = YES;
				GCC_WARN_64_TO_32_BIT_CONVERSION = YES;
				GCC_WARN_ABOUT_RETURN_TYPE = YES_ERROR;
				GCC_WARN_UNDECLARED_SELECTOR = YES;
				GCC_WARN_UNINITIALIZED_AUTOS = YES_AGGRESSIVE;
				GCC_WARN_UNUSED_FUNCTION = YES;
				GCC_WARN_UNUSED_VARIABLE = YES;
				IPHONEOS_DEPLOYMENT_TARGET = 11.2;
				MTL_ENABLE_DEBUG_INFO = NO;
				SDKROOT = iphoneos;
				SWIFT_OPTIMIZATION_LEVEL = "-Owholemodule";
				VALIDATE_PRODUCT = YES;
			};
			name = Release;
		};
		6F120613204574E20042056E /* Debug */ = {
			isa = XCBuildConfiguration;
			baseConfigurationReference = 4A90D50215391FF5A8AD7E8F /* Pods-Recycler.debug.xcconfig */;
			buildSettings = {
				ASSETCATALOG_COMPILER_APPICON_NAME = AppIcon;
				CODE_SIGN_STYLE = Automatic;
				DEVELOPMENT_TEAM = F95D26K5WQ;
				INFOPLIST_FILE = Recycler/Info.plist;
				LD_RUNPATH_SEARCH_PATHS = "$(inherited) @executable_path/Frameworks";
				PRODUCT_BUNDLE_IDENTIFIER = com.ssu.Recycler;
				PRODUCT_NAME = "$(TARGET_NAME)";
				SWIFT_VERSION = 4.0;
				TARGETED_DEVICE_FAMILY = "1,2";
			};
			name = Debug;
		};
		6F120614204574E20042056E /* Release */ = {
			isa = XCBuildConfiguration;
			baseConfigurationReference = 34A7A3AA16A34D7B20BE7365 /* Pods-Recycler.release.xcconfig */;
			buildSettings = {
				ASSETCATALOG_COMPILER_APPICON_NAME = AppIcon;
				CODE_SIGN_STYLE = Automatic;
				DEVELOPMENT_TEAM = F95D26K5WQ;
				INFOPLIST_FILE = Recycler/Info.plist;
				LD_RUNPATH_SEARCH_PATHS = "$(inherited) @executable_path/Frameworks";
				PRODUCT_BUNDLE_IDENTIFIER = com.ssu.Recycler;
				PRODUCT_NAME = "$(TARGET_NAME)";
				SWIFT_VERSION = 4.0;
				TARGETED_DEVICE_FAMILY = "1,2";
			};
			name = Release;
		};
/* End XCBuildConfiguration section */

/* Begin XCConfigurationList section */
		6F1205FB204574E20042056E /* Build configuration list for PBXProject "Recycler" */ = {
			isa = XCConfigurationList;
			buildConfigurations = (
				6F120610204574E20042056E /* Debug */,
				6F120611204574E20042056E /* Release */,
			);
			defaultConfigurationIsVisible = 0;
			defaultConfigurationName = Release;
		};
		6F120612204574E20042056E /* Build configuration list for PBXNativeTarget "Recycler" */ = {
			isa = XCConfigurationList;
			buildConfigurations = (
				6F120613204574E20042056E /* Debug */,
				6F120614204574E20042056E /* Release */,
			);
			defaultConfigurationIsVisible = 0;
			defaultConfigurationName = Release;
		};
/* End XCConfigurationList section */
	};
	rootObject = 6F1205F8204574E20042056E /* Project object */;
}
